
Microsoft Visual Studio Solution File, Format Version 12.00
# Visual Studio Version 17
VisualStudioVersion = 17.3.32929.385
MinimumVisualStudioVersion = 10.0.40219.1
Project("{FAE04EC0-301F-11D3-BF4B-00C04F79EFBC}") = "StubMockFakeProgram", "StubMockFakeProgram\StubMockFakeProgram.csproj", "{A8004318-9090-471F-B2DE-5EA89696B897}"
EndProject
Global
	GlobalSection(SolutionConfigurationPlatforms) = preSolution
		Debug|Any CPU = Debug|Any CPU
		Release|Any CPU = Release|Any CPU
	EndGlobalSection
	GlobalSection(ProjectConfigurationPlatforms) = postSolution
		{A8004318-9090-471F-B2DE-5EA89696B897}.Debug|Any CPU.ActiveCfg = Debug|Any CPU
		{A8004318-9090-471F-B2DE-5EA89696B897}.Debug|Any CPU.Build.0 = Debug|Any CPU
		{A8004318-9090-471F-B2DE-5EA89696B897}.Release|Any CPU.ActiveCfg = Release|Any CPU
		{A8004318-9090-471F-B2DE-5EA89696B897}.Release|Any CPU.Build.0 = Release|Any CPU
	EndGlobalSection
	GlobalSection(SolutionProperties) = preSolution
		HideSolutionNode = FALSE
	EndGlobalSection
	GlobalSection(ExtensibilityGlobals) = postSolution
		SolutionGuid = {AF0852AE-00A3-4EC6-87DB-E537878D71C6}
	EndGlobalSection
EndGlobal
